
Microsoft Visual Studio Solution File, Format Version 12.00
# Visual Studio Version 17
VisualStudioVersion = 17.3.32929.385
MinimumVisualStudioVersion = 10.0.40219.1
Project("{2150E333-8FDC-42A3-9474-1A3956D46DE8}") = "src", "src", "{1C62997A-C2DA-4ED5-B4EC-B3ABE89116C4}"
EndProject
Project("{2150E333-8FDC-42A3-9474-1A3956D46DE8}") = "test", "test", "{D4B36C0C-F441-4C8D-B349-E72F4E1B0181}"
EndProject
Project("{2150E333-8FDC-42A3-9474-1A3956D46DE8}") = "Core", "Core", "{34B3E5FE-981B-4C66-B113-6772CD89FEB6}"
EndProject
Project("{2150E333-8FDC-42A3-9474-1A3956D46DE8}") = "External", "External", "{52BFDA50-C999-435F-AE7C-58C1C82004E0}"
EndProject
Project("{FAE04EC0-301F-11D3-BF4B-00C04F79EFBC}") = "OnlineAccountingServer.Application", "OnlineAccountingServer.Application\OnlineAccountingServer.Application.csproj", "{65DA9807-2629-4E4F-8A7F-961284DB5884}"
EndProject
Project("{FAE04EC0-301F-11D3-BF4B-00C04F79EFBC}") = "OnlineAccountingServer.Domain", "OnlineAccountingServer.Domain\OnlineAccountingServer.Domain.csproj", "{1FE7940E-84C0-45BA-B342-ADA0D97F455E}"
EndProject
Project("{FAE04EC0-301F-11D3-BF4B-00C04F79EFBC}") = "OnlineAccountingServer.Infrastructure", "OnlineAccountingServer.Infrastructure\OnlineAccountingServer.Infrastructure.csproj", "{D2B88D3D-E925-4122-8BAF-129FE4C4C308}"
EndProject
Project("{FAE04EC0-301F-11D3-BF4B-00C04F79EFBC}") = "OnlineAccountingServer.Persistance", "OnlineAccountingServer.Persistance\OnlineAccountingServer.Persistance.csproj", "{2E0BCF01-853F-4E06-B3F2-DE2BB28BA370}"
EndProject
Project("{FAE04EC0-301F-11D3-BF4B-00C04F79EFBC}") = "OnlineAccountingServer.Presentation", "OnlineAccountingServer.Presentation\OnlineAccountingServer.Presentation.csproj", "{DAA086B9-D47D-476C-92F5-620502BE3ED0}"
EndProject
Project("{FAE04EC0-301F-11D3-BF4B-00C04F79EFBC}") = "OnlineAccountingServer.WebApi", "OnlineAccountingServer.WebApi\OnlineAccountingServer.WebApi.csproj", "{BB237C39-DB8A-4E40-9BC5-A3D02853C326}"
EndProject
Global
	GlobalSection(SolutionConfigurationPlatforms) = preSolution
		Debug|Any CPU = Debug|Any CPU
		Release|Any CPU = Release|Any CPU
	EndGlobalSection
	GlobalSection(ProjectConfigurationPlatforms) = postSolution
		{65DA9807-2629-4E4F-8A7F-961284DB5884}.Debug|Any CPU.ActiveCfg = Debug|Any CPU
		{65DA9807-2629-4E4F-8A7F-961284DB5884}.Debug|Any CPU.Build.0 = Debug|Any CPU
		{65DA9807-2629-4E4F-8A7F-961284DB5884}.Release|Any CPU.ActiveCfg = Release|Any CPU
		{65DA9807-2629-4E4F-8A7F-961284DB5884}.Release|Any CPU.Build.0 = Release|Any CPU
		{1FE7940E-84C0-45BA-B342-ADA0D97F455E}.Debug|Any CPU.ActiveCfg = Debug|Any CPU
		{1FE7940E-84C0-45BA-B342-ADA0D97F455E}.Debug|Any CPU.Build.0 = Debug|Any CPU
		{1FE7940E-84C0-45BA-B342-ADA0D97F455E}.Release|Any CPU.ActiveCfg = Release|Any CPU
		{1FE7940E-84C0-45BA-B342-ADA0D97F455E}.Release|Any CPU.Build.0 = Release|Any CPU
		{D2B88D3D-E925-4122-8BAF-129FE4C4C308}.Debug|Any CPU.ActiveCfg = Debug|Any CPU
		{D2B88D3D-E925-4122-8BAF-129FE4C4C308}.Debug|Any CPU.Build.0 = Debug|Any CPU
		{D2B88D3D-E925-4122-8BAF-129FE4C4C308}.Release|Any CPU.ActiveCfg = Release|Any CPU
		{D2B88D3D-E925-4122-8BAF-129FE4C4C308}.Release|Any CPU.Build.0 = Release|Any CPU
		{2E0BCF01-853F-4E06-B3F2-DE2BB28BA370}.Debug|Any CPU.ActiveCfg = Debug|Any CPU
		{2E0BCF01-853F-4E06-B3F2-DE2BB28BA370}.Debug|Any CPU.Build.0 = Debug|Any CPU
		{2E0BCF01-853F-4E06-B3F2-DE2BB28BA370}.Release|Any CPU.ActiveCfg = Release|Any CPU
		{2E0BCF01-853F-4E06-B3F2-DE2BB28BA370}.Release|Any CPU.Build.0 = Release|Any CPU
		{DAA086B9-D47D-476C-92F5-620502BE3ED0}.Debug|Any CPU.ActiveCfg = Debug|Any CPU
		{DAA086B9-D47D-476C-92F5-620502BE3ED0}.Debug|Any CPU.Build.0 = Debug|Any CPU
		{DAA086B9-D47D-476C-92F5-620502BE3ED0}.Release|Any CPU.ActiveCfg = Release|Any CPU
		{DAA086B9-D47D-476C-92F5-620502BE3ED0}.Release|Any CPU.Build.0 = Release|Any CPU
		{BB237C39-DB8A-4E40-9BC5-A3D02853C326}.Debug|Any CPU.ActiveCfg = Debug|Any CPU
		{BB237C39-DB8A-4E40-9BC5-A3D02853C326}.Debug|Any CPU.Build.0 = Debug|Any CPU
		{BB237C39-DB8A-4E40-9BC5-A3D02853C326}.Release|Any CPU.ActiveCfg = Release|Any CPU
		{BB237C39-DB8A-4E40-9BC5-A3D02853C326}.Release|Any CPU.Build.0 = Release|Any CPU
	EndGlobalSection
	GlobalSection(SolutionProperties) = preSolution
		HideSolutionNode = FALSE
	EndGlobalSection
	GlobalSection(NestedProjects) = preSolution
		{34B3E5FE-981B-4C66-B113-6772CD89FEB6} = {1C62997A-C2DA-4ED5-B4EC-B3ABE89116C4}
		{52BFDA50-C999-435F-AE7C-58C1C82004E0} = {1C62997A-C2DA-4ED5-B4EC-B3ABE89116C4}
		{65DA9807-2629-4E4F-8A7F-961284DB5884} = {34B3E5FE-981B-4C66-B113-6772CD89FEB6}
		{1FE7940E-84C0-45BA-B342-ADA0D97F455E} = {34B3E5FE-981B-4C66-B113-6772CD89FEB6}
		{D2B88D3D-E925-4122-8BAF-129FE4C4C308} = {52BFDA50-C999-435F-AE7C-58C1C82004E0}
		{2E0BCF01-853F-4E06-B3F2-DE2BB28BA370} = {52BFDA50-C999-435F-AE7C-58C1C82004E0}
		{DAA086B9-D47D-476C-92F5-620502BE3ED0} = {52BFDA50-C999-435F-AE7C-58C1C82004E0}
		{BB237C39-DB8A-4E40-9BC5-A3D02853C326} = {1C62997A-C2DA-4ED5-B4EC-B3ABE89116C4}
	EndGlobalSection
	GlobalSection(ExtensibilityGlobals) = postSolution
		SolutionGuid = {F217698A-E0F8-4491-BE80-5DE9189A211F}
	EndGlobalSection
EndGlobal
